
Microsoft Visual Studio Solution File, Format Version 12.00
# Visual Studio Version 16
VisualStudioVersion = 16.0.29613.14
MinimumVisualStudioVersion = 10.0.40219.1
Project("{FAE04EC0-301F-11D3-BF4B-00C04F79EFBC}") = "SitesFamosos.UWP", "SitesFamosos\SitesFamosos.UWP\SitesFamosos.UWP.csproj", "{EFB7D5C1-872A-4304-ADDD-D037B6BA35E9}"
EndProject
Project("{FAE04EC0-301F-11D3-BF4B-00C04F79EFBC}") = "SitesFamosos.Android", "SitesFamosos\SitesFamosos.Android\SitesFamosos.Android.csproj", "{F980DB84-504C-4452-B1CA-FC161880749D}"
EndProject
Project("{FAE04EC0-301F-11D3-BF4B-00C04F79EFBC}") = "SitesFamosos.iOS", "SitesFamosos\SitesFamosos.iOS\SitesFamosos.iOS.csproj", "{69544D53-089B-4975-865C-63CE0B37846D}"
EndProject
Project("{FAE04EC0-301F-11D3-BF4B-00C04F79EFBC}") = "SitesFamosos", "SitesFamosos\SitesFamosos\SitesFamosos.csproj", "{47DA3E8F-727A-4103-AFCF-6489771E5C9F}"
EndProject
Global
	GlobalSection(SolutionConfigurationPlatforms) = preSolution
		Debug|Any CPU = Debug|Any CPU
		Debug|ARM = Debug|ARM
		Debug|iPhone = Debug|iPhone
		Debug|iPhoneSimulator = Debug|iPhoneSimulator
		Debug|x64 = Debug|x64
		Debug|x86 = Debug|x86
		Release|Any CPU = Release|Any CPU
		Release|ARM = Release|ARM
		Release|iPhone = Release|iPhone
		Release|iPhoneSimulator = Release|iPhoneSimulator
		Release|x64 = Release|x64
		Release|x86 = Release|x86
	EndGlobalSection
	GlobalSection(ProjectConfigurationPlatforms) = postSolution
		{EFB7D5C1-872A-4304-ADDD-D037B6BA35E9}.Debug|Any CPU.ActiveCfg = Debug|x86
		{EFB7D5C1-872A-4304-ADDD-D037B6BA35E9}.Debug|Any CPU.Build.0 = Debug|x86
		{EFB7D5C1-872A-4304-ADDD-D037B6BA35E9}.Debug|Any CPU.Deploy.0 = Debug|x86
		{EFB7D5C1-872A-4304-ADDD-D037B6BA35E9}.Debug|ARM.ActiveCfg = Debug|ARM
		{EFB7D5C1-872A-4304-ADDD-D037B6BA35E9}.Debug|ARM.Build.0 = Debug|ARM
		{EFB7D5C1-872A-4304-ADDD-D037B6BA35E9}.Debug|ARM.Deploy.0 = Debug|ARM
		{EFB7D5C1-872A-4304-ADDD-D037B6BA35E9}.Debug|iPhone.ActiveCfg = Debug|x86
		{EFB7D5C1-872A-4304-ADDD-D037B6BA35E9}.Debug|iPhone.Build.0 = Debug|x86
		{EFB7D5C1-872A-4304-ADDD-D037B6BA35E9}.Debug|iPhone.Deploy.0 = Debug|x86
		{EFB7D5C1-872A-4304-ADDD-D037B6BA35E9}.Debug|iPhoneSimulator.ActiveCfg = Debug|x86
		{EFB7D5C1-872A-4304-ADDD-D037B6BA35E9}.Debug|iPhoneSimulator.Build.0 = Debug|x86
		{EFB7D5C1-872A-4304-ADDD-D037B6BA35E9}.Debug|iPhoneSimulator.Deploy.0 = Debug|x86
		{EFB7D5C1-872A-4304-ADDD-D037B6BA35E9}.Debug|x64.ActiveCfg = Debug|x64
		{EFB7D5C1-872A-4304-ADDD-D037B6BA35E9}.Debug|x64.Build.0 = Debug|x64
		{EFB7D5C1-872A-4304-ADDD-D037B6BA35E9}.Debug|x64.Deploy.0 = Debug|x64
		{EFB7D5C1-872A-4304-ADDD-D037B6BA35E9}.Debug|x86.ActiveCfg = Debug|x86
		{EFB7D5C1-872A-4304-ADDD-D037B6BA35E9}.Debug|x86.Build.0 = Debug|x86
		{EFB7D5C1-872A-4304-ADDD-D037B6BA35E9}.Debug|x86.Deploy.0 = Debug|x86
		{EFB7D5C1-872A-4304-ADDD-D037B6BA35E9}.Release|Any CPU.ActiveCfg = Release|x86
		{EFB7D5C1-872A-4304-ADDD-D037B6BA35E9}.Release|Any CPU.Build.0 = Release|x86
		{EFB7D5C1-872A-4304-ADDD-D037B6BA35E9}.Release|Any CPU.Deploy.0 = Release|x86
		{EFB7D5C1-872A-4304-ADDD-D037B6BA35E9}.Release|ARM.ActiveCfg = Release|ARM
		{EFB7D5C1-872A-4304-ADDD-D037B6BA35E9}.Release|ARM.Build.0 = Release|ARM
		{EFB7D5C1-872A-4304-ADDD-D037B6BA35E9}.Release|ARM.Deploy.0 = Release|ARM
		{EFB7D5C1-872A-4304-ADDD-D037B6BA35E9}.Release|iPhone.ActiveCfg = Release|x86
		{EFB7D5C1-872A-4304-ADDD-D037B6BA35E9}.Release|iPhone.Build.0 = Release|x86
		{EFB7D5C1-872A-4304-ADDD-D037B6BA35E9}.Release|iPhone.Deploy.0 = Release|x86
		{EFB7D5C1-872A-4304-ADDD-D037B6BA35E9}.Release|iPhoneSimulator.ActiveCfg = Release|x86
		{EFB7D5C1-872A-4304-ADDD-D037B6BA35E9}.Release|iPhoneSimulator.Build.0 = Release|x86
		{EFB7D5C1-872A-4304-ADDD-D037B6BA35E9}.Release|iPhoneSimulator.Deploy.0 = Release|x86
		{EFB7D5C1-872A-4304-ADDD-D037B6BA35E9}.Release|x64.ActiveCfg = Release|x64
		{EFB7D5C1-872A-4304-ADDD-D037B6BA35E9}.Release|x64.Build.0 = Release|x64
		{EFB7D5C1-872A-4304-ADDD-D037B6BA35E9}.Release|x64.Deploy.0 = Release|x64
		{EFB7D5C1-872A-4304-ADDD-D037B6BA35E9}.Release|x86.ActiveCfg = Release|x86
		{EFB7D5C1-872A-4304-ADDD-D037B6BA35E9}.Release|x86.Build.0 = Release|x86
		{EFB7D5C1-872A-4304-ADDD-D037B6BA35E9}.Release|x86.Deploy.0 = Release|x86
		{F980DB84-504C-4452-B1CA-FC161880749D}.Debug|Any CPU.ActiveCfg = Debug|Any CPU
		{F980DB84-504C-4452-B1CA-FC161880749D}.Debug|Any CPU.Build.0 = Debug|Any CPU
		{F980DB84-504C-4452-B1CA-FC161880749D}.Debug|Any CPU.Deploy.0 = Debug|Any CPU
		{F980DB84-504C-4452-B1CA-FC161880749D}.Debug|ARM.ActiveCfg = Debug|Any CPU
		{F980DB84-504C-4452-B1CA-FC161880749D}.Debug|ARM.Build.0 = Debug|Any CPU
		{F980DB84-504C-4452-B1CA-FC161880749D}.Debug|ARM.Deploy.0 = Debug|Any CPU
		{F980DB84-504C-4452-B1CA-FC161880749D}.Debug|iPhone.ActiveCfg = Debug|Any CPU
		{F980DB84-504C-4452-B1CA-FC161880749D}.Debug|iPhone.Build.0 = Debug|Any CPU
		{F980DB84-504C-4452-B1CA-FC161880749D}.Debug|iPhone.Deploy.0 = Debug|Any CPU
		{F980DB84-504C-4452-B1CA-FC161880749D}.Debug|iPhoneSimulator.ActiveCfg = Debug|Any CPU
		{F980DB84-504C-4452-B1CA-FC161880749D}.Debug|iPhoneSimulator.Build.0 = Debug|Any CPU
		{F980DB84-504C-4452-B1CA-FC161880749D}.Debug|iPhoneSimulator.Deploy.0 = Debug|Any CPU
		{F980DB84-504C-4452-B1CA-FC161880749D}.Debug|x64.ActiveCfg = Debug|Any CPU
		{F980DB84-504C-4452-B1CA-FC161880749D}.Debug|x64.Build.0 = Debug|Any CPU
		{F980DB84-504C-4452-B1CA-FC161880749D}.Debug|x64.Deploy.0 = Debug|Any CPU
		{F980DB84-504C-4452-B1CA-FC161880749D}.Debug|x86.ActiveCfg = Debug|Any CPU
		{F980DB84-504C-4452-B1CA-FC161880749D}.Debug|x86.Build.0 = Debug|Any CPU
		{F980DB84-504C-4452-B1CA-FC161880749D}.Debug|x86.Deploy.0 = Debug|Any CPU
		{F980DB84-504C-4452-B1CA-FC161880749D}.Release|Any CPU.ActiveCfg = Release|Any CPU
		{F980DB84-504C-4452-B1CA-FC161880749D}.Release|Any CPU.Build.0 = Release|Any CPU
		{F980DB84-504C-4452-B1CA-FC161880749D}.Release|Any CPU.Deploy.0 = Release|Any CPU
		{F980DB84-504C-4452-B1CA-FC161880749D}.Release|ARM.ActiveCfg = Release|Any CPU
		{F980DB84-504C-4452-B1CA-FC161880749D}.Release|ARM.Build.0 = Release|Any CPU
		{F980DB84-504C-4452-B1CA-FC161880749D}.Release|ARM.Deploy.0 = Release|Any CPU
		{F980DB84-504C-4452-B1CA-FC161880749D}.Release|iPhone.ActiveCfg = Release|Any CPU
		{F980DB84-504C-4452-B1CA-FC161880749D}.Release|iPhone.Build.0 = Release|Any CPU
		{F980DB84-504C-4452-B1CA-FC161880749D}.Release|iPhone.Deploy.0 = Release|Any CPU
		{F980DB84-504C-4452-B1CA-FC161880749D}.Release|iPhoneSimulator.ActiveCfg = Release|Any CPU
		{F980DB84-504C-4452-B1CA-FC161880749D}.Release|iPhoneSimulator.Build.0 = Release|Any CPU
		{F980DB84-504C-4452-B1CA-FC161880749D}.Release|iPhoneSimulator.Deploy.0 = Release|Any CPU
		{F980DB84-504C-4452-B1CA-FC161880749D}.Release|x64.ActiveCfg = Release|Any CPU
		{F980DB84-504C-4452-B1CA-FC161880749D}.Release|x64.Build.0 = Release|Any CPU
		{F980DB84-504C-4452-B1CA-FC161880749D}.Release|x64.Deploy.0 = Release|Any CPU
		{F980DB84-504C-4452-B1CA-FC161880749D}.Release|x86.ActiveCfg = Release|Any CPU
		{F980DB84-504C-4452-B1CA-FC161880749D}.Release|x86.Build.0 = Release|Any CPU
		{F980DB84-504C-4452-B1CA-FC161880749D}.Release|x86.Deploy.0 = Release|Any CPU
		{69544D53-089B-4975-865C-63CE0B37846D}.Debug|Any CPU.ActiveCfg = Debug|iPhone
		{69544D53-089B-4975-865C-63CE0B37846D}.Debug|Any CPU.Build.0 = Debug|iPhone
		{69544D53-089B-4975-865C-63CE0B37846D}.Debug|Any CPU.Deploy.0 = Debug|iPhone
		{69544D53-089B-4975-865C-63CE0B37846D}.Debug|ARM.ActiveCfg = Debug|iPhoneSimulator
		{69544D53-089B-4975-865C-63CE0B37846D}.Debug|ARM.Build.0 = Debug|iPhoneSimulator
		{69544D53-089B-4975-865C-63CE0B37846D}.Debug|ARM.Deploy.0 = Debug|iPhoneSimulator
		{69544D53-089B-4975-865C-63CE0B37846D}.Debug|iPhone.ActiveCfg = Debug|iPhone
		{69544D53-089B-4975-865C-63CE0B37846D}.Debug|iPhone.Build.0 = Debug|iPhone
		{69544D53-089B-4975-865C-63CE0B37846D}.Debug|iPhone.Deploy.0 = Debug|iPhone
		{69544D53-089B-4975-865C-63CE0B37846D}.Debug|iPhoneSimulator.ActiveCfg = Debug|iPhoneSimulator
		{69544D53-089B-4975-865C-63CE0B37846D}.Debug|iPhoneSimulator.Build.0 = Debug|iPhoneSimulator
		{69544D53-089B-4975-865C-63CE0B37846D}.Debug|iPhoneSimulator.Deploy.0 = Debug|iPhoneSimulator
		{69544D53-089B-4975-865C-63CE0B37846D}.Debug|x64.ActiveCfg = Debug|iPhone
		{69544D53-089B-4975-865C-63CE0B37846D}.Debug|x64.Build.0 = Debug|iPhone
		{69544D53-089B-4975-865C-63CE0B37846D}.Debug|x64.Deploy.0 = Debug|iPhone
		{69544D53-089B-4975-865C-63CE0B37846D}.Debug|x86.ActiveCfg = Debug|iPhone
		{69544D53-089B-4975-865C-63CE0B37846D}.Debug|x86.Build.0 = Debug|iPhone
		{69544D53-089B-4975-865C-63CE0B37846D}.Debug|x86.Deploy.0 = Debug|iPhone
		{69544D53-089B-4975-865C-63CE0B37846D}.Release|Any CPU.ActiveCfg = Release|iPhone
		{69544D53-089B-4975-865C-63CE0B37846D}.Release|Any CPU.Build.0 = Release|iPhone
		{69544D53-089B-4975-865C-63CE0B37846D}.Release|Any CPU.Deploy.0 = Release|iPhone
		{69544D53-089B-4975-865C-63CE0B37846D}.Release|ARM.ActiveCfg = Release|iPhone
		{69544D53-089B-4975-865C-63CE0B37846D}.Release|ARM.Build.0 = Release|iPhone
		{69544D53-089B-4975-865C-63CE0B37846D}.Release|ARM.Deploy.0 = Release|iPhone
		{69544D53-089B-4975-865C-63CE0B37846D}.Release|iPhone.ActiveCfg = Release|iPhone
		{69544D53-089B-4975-865C-63CE0B37846D}.Release|iPhone.Build.0 = Release|iPhone
		{69544D53-089B-4975-865C-63CE0B37846D}.Release|iPhone.Deploy.0 = Release|iPhone
		{69544D53-089B-4975-865C-63CE0B37846D}.Release|iPhoneSimulator.ActiveCfg = Release|iPhoneSimulator
		{69544D53-089B-4975-865C-63CE0B37846D}.Release|iPhoneSimulator.Build.0 = Release|iPhoneSimulator
		{69544D53-089B-4975-865C-63CE0B37846D}.Release|iPhoneSimulator.Deploy.0 = Release|iPhoneSimulator
		{69544D53-089B-4975-865C-63CE0B37846D}.Release|x64.ActiveCfg = Release|iPhone
		{69544D53-089B-4975-865C-63CE0B37846D}.Release|x64.Build.0 = Release|iPhone
		{69544D53-089B-4975-865C-63CE0B37846D}.Release|x64.Deploy.0 = Release|iPhone
		{69544D53-089B-4975-865C-63CE0B37846D}.Release|x86.ActiveCfg = Release|iPhone
		{69544D53-089B-4975-865C-63CE0B37846D}.Release|x86.Build.0 = Release|iPhone
		{69544D53-089B-4975-865C-63CE0B37846D}.Release|x86.Deploy.0 = Release|iPhone
		{47DA3E8F-727A-4103-AFCF-6489771E5C9F}.Debug|Any CPU.ActiveCfg = Debug|Any CPU
		{47DA3E8F-727A-4103-AFCF-6489771E5C9F}.Debug|Any CPU.Build.0 = Debug|Any CPU
		{47DA3E8F-727A-4103-AFCF-6489771E5C9F}.Debug|Any CPU.Deploy.0 = Debug|Any CPU
		{47DA3E8F-727A-4103-AFCF-6489771E5C9F}.Debug|ARM.ActiveCfg = Debug|Any CPU
		{47DA3E8F-727A-4103-AFCF-6489771E5C9F}.Debug|ARM.Build.0 = Debug|Any CPU
		{47DA3E8F-727A-4103-AFCF-6489771E5C9F}.Debug|ARM.Deploy.0 = Debug|Any CPU
		{47DA3E8F-727A-4103-AFCF-6489771E5C9F}.Debug|iPhone.ActiveCfg = Debug|Any CPU
		{47DA3E8F-727A-4103-AFCF-6489771E5C9F}.Debug|iPhone.Build.0 = Debug|Any CPU
		{47DA3E8F-727A-4103-AFCF-6489771E5C9F}.Debug|iPhone.Deploy.0 = Debug|Any CPU
		{47DA3E8F-727A-4103-AFCF-6489771E5C9F}.Debug|iPhoneSimulator.ActiveCfg = Debug|Any CPU
		{47DA3E8F-727A-4103-AFCF-6489771E5C9F}.Debug|iPhoneSimulator.Build.0 = Debug|Any CPU
		{47DA3E8F-727A-4103-AFCF-6489771E5C9F}.Debug|iPhoneSimulator.Deploy.0 = Debug|Any CPU
		{47DA3E8F-727A-4103-AFCF-6489771E5C9F}.Debug|x64.ActiveCfg = Debug|Any CPU
		{47DA3E8F-727A-4103-AFCF-6489771E5C9F}.Debug|x64.Build.0 = Debug|Any CPU
		{47DA3E8F-727A-4103-AFCF-6489771E5C9F}.Debug|x64.Deploy.0 = Debug|Any CPU
		{47DA3E8F-727A-4103-AFCF-6489771E5C9F}.Debug|x86.ActiveCfg = Debug|Any CPU
		{47DA3E8F-727A-4103-AFCF-6489771E5C9F}.Debug|x86.Build.0 = Debug|Any CPU
		{47DA3E8F-727A-4103-AFCF-6489771E5C9F}.Debug|x86.Deploy.0 = Debug|Any CPU
		{47DA3E8F-727A-4103-AFCF-6489771E5C9F}.Release|Any CPU.ActiveCfg = Release|Any CPU
		{47DA3E8F-727A-4103-AFCF-6489771E5C9F}.Release|Any CPU.Build.0 = Release|Any CPU
		{47DA3E8F-727A-4103-AFCF-6489771E5C9F}.Release|Any CPU.Deploy.0 = Release|Any CPU
		{47DA3E8F-727A-4103-AFCF-6489771E5C9F}.Release|ARM.ActiveCfg = Release|Any CPU
		{47DA3E8F-727A-4103-AFCF-6489771E5C9F}.Release|ARM.Build.0 = Release|Any CPU
		{47DA3E8F-727A-4103-AFCF-6489771E5C9F}.Release|ARM.Deploy.0 = Release|Any CPU
		{47DA3E8F-727A-4103-AFCF-6489771E5C9F}.Release|iPhone.ActiveCfg = Release|Any CPU
		{47DA3E8F-727A-4103-AFCF-6489771E5C9F}.Release|iPhone.Build.0 = Release|Any CPU
		{47DA3E8F-727A-4103-AFCF-6489771E5C9F}.Release|iPhone.Deploy.0 = Release|Any CPU
		{47DA3E8F-727A-4103-AFCF-6489771E5C9F}.Release|iPhoneSimulator.ActiveCfg = Release|Any CPU
		{47DA3E8F-727A-4103-AFCF-6489771E5C9F}.Release|iPhoneSimulator.Build.0 = Release|Any CPU
		{47DA3E8F-727A-4103-AFCF-6489771E5C9F}.Release|iPhoneSimulator.Deploy.0 = Release|Any CPU
		{47DA3E8F-727A-4103-AFCF-6489771E5C9F}.Release|x64.ActiveCfg = Release|Any CPU
		{47DA3E8F-727A-4103-AFCF-6489771E5C9F}.Release|x64.Build.0 = Release|Any CPU
		{47DA3E8F-727A-4103-AFCF-6489771E5C9F}.Release|x64.Deploy.0 = Release|Any CPU
		{47DA3E8F-727A-4103-AFCF-6489771E5C9F}.Release|x86.ActiveCfg = Release|Any CPU
		{47DA3E8F-727A-4103-AFCF-6489771E5C9F}.Release|x86.Build.0 = Release|Any CPU
		{47DA3E8F-727A-4103-AFCF-6489771E5C9F}.Release|x86.Deploy.0 = Release|Any CPU
	EndGlobalSection
	GlobalSection(SolutionProperties) = preSolution
		HideSolutionNode = FALSE
	EndGlobalSection
	GlobalSection(ExtensibilityGlobals) = postSolution
		SolutionGuid = {99DEDD57-3ACB-4205-B62E-8F080C0525D6}
	EndGlobalSection
EndGlobal
